
Microsoft Visual Studio Solution File, Format Version 12.00
# Visual Studio Version 17
VisualStudioVersion = 17.3.32901.215
MinimumVisualStudioVersion = 10.0.40219.1
Project("{FAE04EC0-301F-11D3-BF4B-00C04F79EFBC}") = "253504_Antikhovitch_Lab8", "253504_Antikhovitch_Lab8\253504_Antikhovitch_Lab8.csproj", "{417F885B-475B-4D6D-AE9E-95D259BE1DCC}"
EndProject
Project("{FAE04EC0-301F-11D3-BF4B-00C04F79EFBC}") = "StreamServiceLib", "StreamServiceLib\StreamServiceLib.csproj", "{CDE25B16-33B1-4EE9-BB7D-F23E25E0F385}"
EndProject
Global
	GlobalSection(SolutionConfigurationPlatforms) = preSolution
		Debug|Any CPU = Debug|Any CPU
		Release|Any CPU = Release|Any CPU
	EndGlobalSection
	GlobalSection(ProjectConfigurationPlatforms) = postSolution
		{417F885B-475B-4D6D-AE9E-95D259BE1DCC}.Debug|Any CPU.ActiveCfg = Debug|Any CPU
		{417F885B-475B-4D6D-AE9E-95D259BE1DCC}.Debug|Any CPU.Build.0 = Debug|Any CPU
		{417F885B-475B-4D6D-AE9E-95D259BE1DCC}.Release|Any CPU.ActiveCfg = Release|Any CPU
		{417F885B-475B-4D6D-AE9E-95D259BE1DCC}.Release|Any CPU.Build.0 = Release|Any CPU
		{CDE25B16-33B1-4EE9-BB7D-F23E25E0F385}.Debug|Any CPU.ActiveCfg = Debug|Any CPU
		{CDE25B16-33B1-4EE9-BB7D-F23E25E0F385}.Debug|Any CPU.Build.0 = Debug|Any CPU
		{CDE25B16-33B1-4EE9-BB7D-F23E25E0F385}.Release|Any CPU.ActiveCfg = Release|Any CPU
		{CDE25B16-33B1-4EE9-BB7D-F23E25E0F385}.Release|Any CPU.Build.0 = Release|Any CPU
	EndGlobalSection
	GlobalSection(SolutionProperties) = preSolution
		HideSolutionNode = FALSE
	EndGlobalSection
	GlobalSection(ExtensibilityGlobals) = postSolution
		SolutionGuid = {C880C7A0-BBD6-47D0-A703-82D90D3C98B1}
	EndGlobalSection
EndGlobal
