
Microsoft Visual Studio Solution File, Format Version 12.00
# Visual Studio Version 17
VisualStudioVersion = 17.3.32901.215
MinimumVisualStudioVersion = 10.0.40219.1
Project("{FAE04EC0-301F-11D3-BF4B-00C04F79EFBC}") = "253504_Antikhovitch_Lab6", "253504_Antikhovitch_Lab6\253504_Antikhovitch_Lab6.csproj", "{6903C69E-DF9A-40F0-AB09-B34EF6794AC9}"
EndProject
Project("{FAE04EC0-301F-11D3-BF4B-00C04F79EFBC}") = "Library", "Library\Library.csproj", "{E4C83FE7-AB17-42F9-A570-C23F148B4CFC}"
EndProject
Global
	GlobalSection(SolutionConfigurationPlatforms) = preSolution
		Debug|Any CPU = Debug|Any CPU
		Release|Any CPU = Release|Any CPU
	EndGlobalSection
	GlobalSection(ProjectConfigurationPlatforms) = postSolution
		{6903C69E-DF9A-40F0-AB09-B34EF6794AC9}.Debug|Any CPU.ActiveCfg = Debug|Any CPU
		{6903C69E-DF9A-40F0-AB09-B34EF6794AC9}.Debug|Any CPU.Build.0 = Debug|Any CPU
		{6903C69E-DF9A-40F0-AB09-B34EF6794AC9}.Release|Any CPU.ActiveCfg = Release|Any CPU
		{6903C69E-DF9A-40F0-AB09-B34EF6794AC9}.Release|Any CPU.Build.0 = Release|Any CPU
		{E4C83FE7-AB17-42F9-A570-C23F148B4CFC}.Debug|Any CPU.ActiveCfg = Debug|Any CPU
		{E4C83FE7-AB17-42F9-A570-C23F148B4CFC}.Debug|Any CPU.Build.0 = Debug|Any CPU
		{E4C83FE7-AB17-42F9-A570-C23F148B4CFC}.Release|Any CPU.ActiveCfg = Release|Any CPU
		{E4C83FE7-AB17-42F9-A570-C23F148B4CFC}.Release|Any CPU.Build.0 = Release|Any CPU
	EndGlobalSection
	GlobalSection(SolutionProperties) = preSolution
		HideSolutionNode = FALSE
	EndGlobalSection
	GlobalSection(ExtensibilityGlobals) = postSolution
		SolutionGuid = {80816430-44B7-4356-B3D4-F1C4EB5B27C5}
	EndGlobalSection
EndGlobal
