
Microsoft Visual Studio Solution File, Format Version 12.00
# Visual Studio Version 17
VisualStudioVersion = 17.3.32901.215
MinimumVisualStudioVersion = 10.0.40219.1
Project("{FAE04EC0-301F-11D3-BF4B-00C04F79EFBC}") = "253504_Antikhovitch_Lab1", "253504_Antikhovitch_Lab1.csproj", "{AB42233B-1D34-416B-AAD4-AE492B71E5FE}"
EndProject
Global
	GlobalSection(SolutionConfigurationPlatforms) = preSolution
		Debug|Any CPU = Debug|Any CPU
		Release|Any CPU = Release|Any CPU
	EndGlobalSection
	GlobalSection(ProjectConfigurationPlatforms) = postSolution
		{AB42233B-1D34-416B-AAD4-AE492B71E5FE}.Debug|Any CPU.ActiveCfg = Debug|Any CPU
		{AB42233B-1D34-416B-AAD4-AE492B71E5FE}.Debug|Any CPU.Build.0 = Debug|Any CPU
		{AB42233B-1D34-416B-AAD4-AE492B71E5FE}.Release|Any CPU.ActiveCfg = Release|Any CPU
		{AB42233B-1D34-416B-AAD4-AE492B71E5FE}.Release|Any CPU.Build.0 = Release|Any CPU
	EndGlobalSection
	GlobalSection(SolutionProperties) = preSolution
		HideSolutionNode = FALSE
	EndGlobalSection
	GlobalSection(ExtensibilityGlobals) = postSolution
		SolutionGuid = {56B005B9-DFAB-49E5-A989-3D9154928097}
	EndGlobalSection
EndGlobal
